
Microsoft Visual Studio Solution File, Format Version 12.00
# Visual Studio Version 17
VisualStudioVersion = 17.0.31903.59
MinimumVisualStudioVersion = 10.0.40219.1
Project("{2150E333-8FDC-42A3-9474-1A3956D46DE8}") = "src", "src", "{827E0CD3-B72D-47B6-A68D-7590B98EB39B}"
EndProject
Project("{FAE04EC0-301F-11D3-BF4B-00C04F79EFBC}") = "Noto.Core", "src\Noto.Core\Noto.Core.csproj", "{9E28B9D7-8E2A-4A8B-A756-A4646ACAF69A}"
EndProject
Project("{FAE04EC0-301F-11D3-BF4B-00C04F79EFBC}") = "Noto.Infrastructure", "src\Noto.Infrastructure\Noto.Infrastructure.csproj", "{6597DB44-491A-440A-863E-DB67A7FFE64D}"
EndProject
Project("{FAE04EC0-301F-11D3-BF4B-00C04F79EFBC}") = "Noto.Platform.Windows", "src\Noto.Platform.Windows\Noto.Platform.Windows.csproj", "{D7A489C3-12C0-4BF0-AFA8-C221541486D3}"
EndProject
Project("{FAE04EC0-301F-11D3-BF4B-00C04F79EFBC}") = "Noto.Windows", "src\Noto.Windows\Noto.Windows.csproj", "{8911C519-526F-43F8-9824-51EE3F3A9320}"
EndProject
Project("{2150E333-8FDC-42A3-9474-1A3956D46DE8}") = "tests", "tests", "{0AB3BF05-4346-4AA6-1389-037BE0695223}"
EndProject
Project("{FAE04EC0-301F-11D3-BF4B-00C04F79EFBC}") = "Noto.Core.Tests", "tests\Noto.Core.Tests\Noto.Core.Tests.csproj", "{AC45FF46-DE6D-4BA5-B2F6-D90F89FFE060}"
EndProject
Project("{FAE04EC0-301F-11D3-BF4B-00C04F79EFBC}") = "Noto.Infrastructure.Tests", "tests\Noto.Infrastructure.Tests\Noto.Infrastructure.Tests.csproj", "{BB64DD46-5ECC-4BE2-96E3-35573831A50C}"
EndProject
Project("{FAE04EC0-301F-11D3-BF4B-00C04F79EFBC}") = "Noto.UseCases", "src\Noto.UseCases\Noto.UseCases.csproj", "{201935B6-745B-4398-9407-17F0CB607BEB}"
EndProject
Project("{FAE04EC0-301F-11D3-BF4B-00C04F79EFBC}") = "Noto.UseCases.Tests", "tests\Noto.UseCases.Tests\Noto.UseCases.Tests.csproj", "{13DD53C4-DF0A-4214-B753-EC87D5722A2F}"
EndProject
Global
	GlobalSection(SolutionConfigurationPlatforms) = preSolution
		Debug|Any CPU = Debug|Any CPU
		Debug|x64 = Debug|x64
		Debug|x86 = Debug|x86
		Release|Any CPU = Release|Any CPU
		Release|x64 = Release|x64
		Release|x86 = Release|x86
	EndGlobalSection
	GlobalSection(ProjectConfigurationPlatforms) = postSolution
		{9E28B9D7-8E2A-4A8B-A756-A4646ACAF69A}.Debug|Any CPU.ActiveCfg = Debug|Any CPU
		{9E28B9D7-8E2A-4A8B-A756-A4646ACAF69A}.Debug|Any CPU.Build.0 = Debug|Any CPU
		{9E28B9D7-8E2A-4A8B-A756-A4646ACAF69A}.Debug|x64.ActiveCfg = Debug|Any CPU
		{9E28B9D7-8E2A-4A8B-A756-A4646ACAF69A}.Debug|x64.Build.0 = Debug|Any CPU
		{9E28B9D7-8E2A-4A8B-A756-A4646ACAF69A}.Debug|x86.ActiveCfg = Debug|Any CPU
		{9E28B9D7-8E2A-4A8B-A756-A4646ACAF69A}.Debug|x86.Build.0 = Debug|Any CPU
		{9E28B9D7-8E2A-4A8B-A756-A4646ACAF69A}.Release|Any CPU.ActiveCfg = Release|Any CPU
		{9E28B9D7-8E2A-4A8B-A756-A4646ACAF69A}.Release|Any CPU.Build.0 = Release|Any CPU
		{9E28B9D7-8E2A-4A8B-A756-A4646ACAF69A}.Release|x64.ActiveCfg = Release|Any CPU
		{9E28B9D7-8E2A-4A8B-A756-A4646ACAF69A}.Release|x64.Build.0 = Release|Any CPU
		{9E28B9D7-8E2A-4A8B-A756-A4646ACAF69A}.Release|x86.ActiveCfg = Release|Any CPU
		{9E28B9D7-8E2A-4A8B-A756-A4646ACAF69A}.Release|x86.Build.0 = Release|Any CPU
		{6597DB44-491A-440A-863E-DB67A7FFE64D}.Debug|Any CPU.ActiveCfg = Debug|Any CPU
		{6597DB44-491A-440A-863E-DB67A7FFE64D}.Debug|Any CPU.Build.0 = Debug|Any CPU
		{6597DB44-491A-440A-863E-DB67A7FFE64D}.Debug|x64.ActiveCfg = Debug|Any CPU
		{6597DB44-491A-440A-863E-DB67A7FFE64D}.Debug|x64.Build.0 = Debug|Any CPU
		{6597DB44-491A-440A-863E-DB67A7FFE64D}.Debug|x86.ActiveCfg = Debug|Any CPU
		{6597DB44-491A-440A-863E-DB67A7FFE64D}.Debug|x86.Build.0 = Debug|Any CPU
		{6597DB44-491A-440A-863E-DB67A7FFE64D}.Release|Any CPU.ActiveCfg = Release|Any CPU
		{6597DB44-491A-440A-863E-DB67A7FFE64D}.Release|Any CPU.Build.0 = Release|Any CPU
		{6597DB44-491A-440A-863E-DB67A7FFE64D}.Release|x64.ActiveCfg = Release|Any CPU
		{6597DB44-491A-440A-863E-DB67A7FFE64D}.Release|x64.Build.0 = Release|Any CPU
		{6597DB44-491A-440A-863E-DB67A7FFE64D}.Release|x86.ActiveCfg = Release|Any CPU
		{6597DB44-491A-440A-863E-DB67A7FFE64D}.Release|x86.Build.0 = Release|Any CPU
		{D7A489C3-12C0-4BF0-AFA8-C221541486D3}.Debug|Any CPU.ActiveCfg = Debug|Any CPU
		{D7A489C3-12C0-4BF0-AFA8-C221541486D3}.Debug|Any CPU.Build.0 = Debug|Any CPU
		{D7A489C3-12C0-4BF0-AFA8-C221541486D3}.Debug|x64.ActiveCfg = Debug|Any CPU
		{D7A489C3-12C0-4BF0-AFA8-C221541486D3}.Debug|x64.Build.0 = Debug|Any CPU
		{D7A489C3-12C0-4BF0-AFA8-C221541486D3}.Debug|x86.ActiveCfg = Debug|Any CPU
		{D7A489C3-12C0-4BF0-AFA8-C221541486D3}.Debug|x86.Build.0 = Debug|Any CPU
		{D7A489C3-12C0-4BF0-AFA8-C221541486D3}.Release|Any CPU.ActiveCfg = Release|Any CPU
		{D7A489C3-12C0-4BF0-AFA8-C221541486D3}.Release|Any CPU.Build.0 = Release|Any CPU
		{D7A489C3-12C0-4BF0-AFA8-C221541486D3}.Release|x64.ActiveCfg = Release|Any CPU
		{D7A489C3-12C0-4BF0-AFA8-C221541486D3}.Release|x64.Build.0 = Release|Any CPU
		{D7A489C3-12C0-4BF0-AFA8-C221541486D3}.Release|x86.ActiveCfg = Release|Any CPU
		{D7A489C3-12C0-4BF0-AFA8-C221541486D3}.Release|x86.Build.0 = Release|Any CPU
		{8911C519-526F-43F8-9824-51EE3F3A9320}.Debug|Any CPU.ActiveCfg = Debug|Any CPU
		{8911C519-526F-43F8-9824-51EE3F3A9320}.Debug|Any CPU.Build.0 = Debug|Any CPU
		{8911C519-526F-43F8-9824-51EE3F3A9320}.Debug|x64.ActiveCfg = Debug|Any CPU
		{8911C519-526F-43F8-9824-51EE3F3A9320}.Debug|x64.Build.0 = Debug|Any CPU
		{8911C519-526F-43F8-9824-51EE3F3A9320}.Debug|x86.ActiveCfg = Debug|Any CPU
		{8911C519-526F-43F8-9824-51EE3F3A9320}.Debug|x86.Build.0 = Debug|Any CPU
		{8911C519-526F-43F8-9824-51EE3F3A9320}.Release|Any CPU.ActiveCfg = Release|Any CPU
		{8911C519-526F-43F8-9824-51EE3F3A9320}.Release|Any CPU.Build.0 = Release|Any CPU
		{8911C519-526F-43F8-9824-51EE3F3A9320}.Release|x64.ActiveCfg = Release|Any CPU
		{8911C519-526F-43F8-9824-51EE3F3A9320}.Release|x64.Build.0 = Release|Any CPU
		{8911C519-526F-43F8-9824-51EE3F3A9320}.Release|x86.ActiveCfg = Release|Any CPU
		{8911C519-526F-43F8-9824-51EE3F3A9320}.Release|x86.Build.0 = Release|Any CPU
		{AC45FF46-DE6D-4BA5-B2F6-D90F89FFE060}.Debug|Any CPU.ActiveCfg = Debug|Any CPU
		{AC45FF46-DE6D-4BA5-B2F6-D90F89FFE060}.Debug|Any CPU.Build.0 = Debug|Any CPU
		{AC45FF46-DE6D-4BA5-B2F6-D90F89FFE060}.Debug|x64.ActiveCfg = Debug|Any CPU
		{AC45FF46-DE6D-4BA5-B2F6-D90F89FFE060}.Debug|x64.Build.0 = Debug|Any CPU
		{AC45FF46-DE6D-4BA5-B2F6-D90F89FFE060}.Debug|x86.ActiveCfg = Debug|Any CPU
		{AC45FF46-DE6D-4BA5-B2F6-D90F89FFE060}.Debug|x86.Build.0 = Debug|Any CPU
		{AC45FF46-DE6D-4BA5-B2F6-D90F89FFE060}.Release|Any CPU.ActiveCfg = Release|Any CPU
		{AC45FF46-DE6D-4BA5-B2F6-D90F89FFE060}.Release|Any CPU.Build.0 = Release|Any CPU
		{AC45FF46-DE6D-4BA5-B2F6-D90F89FFE060}.Release|x64.ActiveCfg = Release|Any CPU
		{AC45FF46-DE6D-4BA5-B2F6-D90F89FFE060}.Release|x64.Build.0 = Release|Any CPU
		{AC45FF46-DE6D-4BA5-B2F6-D90F89FFE060}.Release|x86.ActiveCfg = Release|Any CPU
		{AC45FF46-DE6D-4BA5-B2F6-D90F89FFE060}.Release|x86.Build.0 = Release|Any CPU
		{BB64DD46-5ECC-4BE2-96E3-35573831A50C}.Debug|Any CPU.ActiveCfg = Debug|Any CPU
		{BB64DD46-5ECC-4BE2-96E3-35573831A50C}.Debug|Any CPU.Build.0 = Debug|Any CPU
		{BB64DD46-5ECC-4BE2-96E3-35573831A50C}.Debug|x64.ActiveCfg = Debug|Any CPU
		{BB64DD46-5ECC-4BE2-96E3-35573831A50C}.Debug|x64.Build.0 = Debug|Any CPU
		{BB64DD46-5ECC-4BE2-96E3-35573831A50C}.Debug|x86.ActiveCfg = Debug|Any CPU
		{BB64DD46-5ECC-4BE2-96E3-35573831A50C}.Debug|x86.Build.0 = Debug|Any CPU
		{BB64DD46-5ECC-4BE2-96E3-35573831A50C}.Release|Any CPU.ActiveCfg = Release|Any CPU
		{BB64DD46-5ECC-4BE2-96E3-35573831A50C}.Release|Any CPU.Build.0 = Release|Any CPU
		{BB64DD46-5ECC-4BE2-96E3-35573831A50C}.Release|x64.ActiveCfg = Release|Any CPU
		{BB64DD46-5ECC-4BE2-96E3-35573831A50C}.Release|x64.Build.0 = Release|Any CPU
		{BB64DD46-5ECC-4BE2-96E3-35573831A50C}.Release|x86.ActiveCfg = Release|Any CPU
		{BB64DD46-5ECC-4BE2-96E3-35573831A50C}.Release|x86.Build.0 = Release|Any CPU
		{201935B6-745B-4398-9407-17F0CB607BEB}.Debug|Any CPU.ActiveCfg = Debug|Any CPU
		{201935B6-745B-4398-9407-17F0CB607BEB}.Debug|Any CPU.Build.0 = Debug|Any CPU
		{201935B6-745B-4398-9407-17F0CB607BEB}.Debug|x64.ActiveCfg = Debug|Any CPU
		{201935B6-745B-4398-9407-17F0CB607BEB}.Debug|x64.Build.0 = Debug|Any CPU
		{201935B6-745B-4398-9407-17F0CB607BEB}.Debug|x86.ActiveCfg = Debug|Any CPU
		{201935B6-745B-4398-9407-17F0CB607BEB}.Debug|x86.Build.0 = Debug|Any CPU
		{201935B6-745B-4398-9407-17F0CB607BEB}.Release|Any CPU.ActiveCfg = Release|Any CPU
		{201935B6-745B-4398-9407-17F0CB607BEB}.Release|Any CPU.Build.0 = Release|Any CPU
		{201935B6-745B-4398-9407-17F0CB607BEB}.Release|x64.ActiveCfg = Release|Any CPU
		{201935B6-745B-4398-9407-17F0CB607BEB}.Release|x64.Build.0 = Release|Any CPU
		{201935B6-745B-4398-9407-17F0CB607BEB}.Release|x86.ActiveCfg = Release|Any CPU
		{201935B6-745B-4398-9407-17F0CB607BEB}.Release|x86.Build.0 = Release|Any CPU
		{13DD53C4-DF0A-4214-B753-EC87D5722A2F}.Debug|Any CPU.ActiveCfg = Debug|Any CPU
		{13DD53C4-DF0A-4214-B753-EC87D5722A2F}.Debug|Any CPU.Build.0 = Debug|Any CPU
		{13DD53C4-DF0A-4214-B753-EC87D5722A2F}.Debug|x64.ActiveCfg = Debug|Any CPU
		{13DD53C4-DF0A-4214-B753-EC87D5722A2F}.Debug|x64.Build.0 = Debug|Any CPU
		{13DD53C4-DF0A-4214-B753-EC87D5722A2F}.Debug|x86.ActiveCfg = Debug|Any CPU
		{13DD53C4-DF0A-4214-B753-EC87D5722A2F}.Debug|x86.Build.0 = Debug|Any CPU
		{13DD53C4-DF0A-4214-B753-EC87D5722A2F}.Release|Any CPU.ActiveCfg = Release|Any CPU
		{13DD53C4-DF0A-4214-B753-EC87D5722A2F}.Release|Any CPU.Build.0 = Release|Any CPU
		{13DD53C4-DF0A-4214-B753-EC87D5722A2F}.Release|x64.ActiveCfg = Release|Any CPU
		{13DD53C4-DF0A-4214-B753-EC87D5722A2F}.Release|x64.Build.0 = Release|Any CPU
		{13DD53C4-DF0A-4214-B753-EC87D5722A2F}.Release|x86.ActiveCfg = Release|Any CPU
		{13DD53C4-DF0A-4214-B753-EC87D5722A2F}.Release|x86.Build.0 = Release|Any CPU
	EndGlobalSection
	GlobalSection(SolutionProperties) = preSolution
		HideSolutionNode = FALSE
	EndGlobalSection
	GlobalSection(NestedProjects) = preSolution
		{9E28B9D7-8E2A-4A8B-A756-A4646ACAF69A} = {827E0CD3-B72D-47B6-A68D-7590B98EB39B}
		{6597DB44-491A-440A-863E-DB67A7FFE64D} = {827E0CD3-B72D-47B6-A68D-7590B98EB39B}
		{D7A489C3-12C0-4BF0-AFA8-C221541486D3} = {827E0CD3-B72D-47B6-A68D-7590B98EB39B}
		{8911C519-526F-43F8-9824-51EE3F3A9320} = {827E0CD3-B72D-47B6-A68D-7590B98EB39B}
		{AC45FF46-DE6D-4BA5-B2F6-D90F89FFE060} = {0AB3BF05-4346-4AA6-1389-037BE0695223}
		{BB64DD46-5ECC-4BE2-96E3-35573831A50C} = {0AB3BF05-4346-4AA6-1389-037BE0695223}
		{201935B6-745B-4398-9407-17F0CB607BEB} = {827E0CD3-B72D-47B6-A68D-7590B98EB39B}
		{13DD53C4-DF0A-4214-B753-EC87D5722A2F} = {0AB3BF05-4346-4AA6-1389-037BE0695223}
	EndGlobalSection
EndGlobal
